// !$*UTF8*$!
{
	archiveVersion = 1;
	classes = {
	};
	objectVersion = 77;
	objects = {

/* Begin PBXBuildFile section */
		894467C02E67853000E5F3A8 /* SwiftSoup in Frameworks */ = {isa = PBXBuildFile; productRef = 894467BF2E67853000E5F3A8 /* SwiftSoup */; };
/* End PBXBuildFile section */

/* Begin PBXContainerItemProxy section */
		89A3FC892D9563ED000C61A7 /* PBXContainerItemProxy */ = {
			isa = PBXContainerItemProxy;
			containerPortal = 89A3FC6A2D9563EB000C61A7 /* Project object */;
			proxyType = 1;
			remoteGlobalIDString = 89A3FC712D9563EB000C61A7;
			remoteInfo = ScheduleLPNU;
		};
		89A3FC932D9563ED000C61A7 /* PBXContainerItemProxy */ = {
			isa = PBXContainerItemProxy;
			containerPortal = 89A3FC6A2D9563EB000C61A7 /* Project object */;
			proxyType = 1;
			remoteGlobalIDString = 89A3FC712D9563EB000C61A7;
			remoteInfo = ScheduleLPNU;
		};
/* End PBXContainerItemProxy section */

/* Begin PBXFileReference section */
		44EC5D52CACA759AA949A5B6 /* Pods-ScheduleLPNU.debug.xcconfig */ = {isa = PBXFileReference; includeInIndex = 1; lastKnownFileType = text.xcconfig; name = "Pods-ScheduleLPNU.debug.xcconfig"; path = "Target Support Files/Pods-ScheduleLPNU/Pods-ScheduleLPNU.debug.xcconfig"; sourceTree = "<group>"; };
		89A3FC722D9563EB000C61A7 /* ScheduleLPNU.app */ = {isa = PBXFileReference; explicitFileType = wrapper.application; includeInIndex = 0; path = ScheduleLPNU.app; sourceTree = BUILT_PRODUCTS_DIR; };
		89A3FC882D9563ED000C61A7 /* ScheduleLPNUTests.xctest */ = {isa = PBXFileReference; explicitFileType = wrapper.cfbundle; includeInIndex = 0; path = ScheduleLPNUTests.xctest; sourceTree = BUILT_PRODUCTS_DIR; };
		89A3FC922D9563ED000C61A7 /* ScheduleLPNUUITests.xctest */ = {isa = PBXFileReference; explicitFileType = wrapper.cfbundle; includeInIndex = 0; path = ScheduleLPNUUITests.xctest; sourceTree = BUILT_PRODUCTS_DIR; };
		B784884CBECA99F0CD7D151A /* Pods-ScheduleLPNU.release.xcconfig */ = {isa = PBXFileReference; includeInIndex = 1; lastKnownFileType = text.xcconfig; name = "Pods-ScheduleLPNU.release.xcconfig"; path = "Target Support Files/Pods-ScheduleLPNU/Pods-ScheduleLPNU.release.xcconfig"; sourceTree = "<group>"; };
/* End PBXFileReference section */

/* Begin PBXFileSystemSynchronizedBuildFileExceptionSet section */
		89A3FC9A2D9563ED000C61A7 /* Exceptions for "ScheduleLPNU" folder in "ScheduleLPNU" target */ = {
			isa = PBXFileSystemSynchronizedBuildFileExceptionSet;
			membershipExceptions = (
				Info.plist,
			);
			target = 89A3FC712D9563EB000C61A7 /* ScheduleLPNU */;
		};
/* End PBXFileSystemSynchronizedBuildFileExceptionSet section */

/* Begin PBXFileSystemSynchronizedRootGroup section */
		89A3FC742D9563EB000C61A7 /* ScheduleLPNU */ = {
			isa = PBXFileSystemSynchronizedRootGroup;
			exceptions = (
				89A3FC9A2D9563ED000C61A7 /* Exceptions for "ScheduleLPNU" folder in "ScheduleLPNU" target */,
			);
			path = ScheduleLPNU;
			sourceTree = "<group>";
		};
		89A3FC8B2D9563ED000C61A7 /* ScheduleLPNUTests */ = {
			isa = PBXFileSystemSynchronizedRootGroup;
			path = ScheduleLPNUTests;
			sourceTree = "<group>";
		};
		89A3FC952D9563ED000C61A7 /* ScheduleLPNUUITests */ = {
			isa = PBXFileSystemSynchronizedRootGroup;
			path = ScheduleLPNUUITests;
			sourceTree = "<group>";
		};
/* End PBXFileSystemSynchronizedRootGroup section */

/* Begin PBXFrameworksBuildPhase section */
		89A3FC6F2D9563EB000C61A7 /* Frameworks */ = {
			isa = PBXFrameworksBuildPhase;
			buildActionMask = 2147483647;
			files = (
				894467C02E67853000E5F3A8 /* SwiftSoup in Frameworks */,
			);
			runOnlyForDeploymentPostprocessing = 0;
		};
		89A3FC852D9563ED000C61A7 /* Frameworks */ = {
			isa = PBXFrameworksBuildPhase;
			buildActionMask = 2147483647;
			files = (
			);
			runOnlyForDeploymentPostprocessing = 0;
		};
		89A3FC8F2D9563ED000C61A7 /* Frameworks */ = {
			isa = PBXFrameworksBuildPhase;
			buildActionMask = 2147483647;
			files = (
			);
			runOnlyForDeploymentPostprocessing = 0;
		};
/* End PBXFrameworksBuildPhase section */

/* Begin PBXGroup section */
		89A3FC692D9563EB000C61A7 = {
			isa = PBXGroup;
			children = (
				89A3FC742D9563EB000C61A7 /* ScheduleLPNU */,
				89A3FC8B2D9563ED000C61A7 /* ScheduleLPNUTests */,
				89A3FC952D9563ED000C61A7 /* ScheduleLPNUUITests */,
				89A3FC732D9563EB000C61A7 /* Products */,
				B04B8A9BD1C5F43F6BFD85AC /* Pods */,
			);
			sourceTree = "<group>";
		};
		89A3FC732D9563EB000C61A7 /* Products */ = {
			isa = PBXGroup;
			children = (
				89A3FC722D9563EB000C61A7 /* ScheduleLPNU.app */,
				89A3FC882D9563ED000C61A7 /* ScheduleLPNUTests.xctest */,
				89A3FC922D9563ED000C61A7 /* ScheduleLPNUUITests.xctest */,
			);
			name = Products;
			sourceTree = "<group>";
		};
		B04B8A9BD1C5F43F6BFD85AC /* Pods */ = {
			isa = PBXGroup;
			children = (
				44EC5D52CACA759AA949A5B6 /* Pods-ScheduleLPNU.debug.xcconfig */,
				B784884CBECA99F0CD7D151A /* Pods-ScheduleLPNU.release.xcconfig */,
			);
			path = Pods;
			sourceTree = "<group>";
		};
/* End PBXGroup section */

/* Begin PBXNativeTarget section */
		89A3FC712D9563EB000C61A7 /* ScheduleLPNU */ = {
			isa = PBXNativeTarget;
			buildConfigurationList = 89A3FC9B2D9563ED000C61A7 /* Build configuration list for PBXNativeTarget "ScheduleLPNU" */;
			buildPhases = (
				2801410A6CEB0DD1B16DE4DD /* [CP] Check Pods Manifest.lock */,
				89A3FC6E2D9563EB000C61A7 /* Sources */,
				89A3FC6F2D9563EB000C61A7 /* Frameworks */,
				89A3FC702D9563EB000C61A7 /* Resources */,
			);
			buildRules = (
			);
			dependencies = (
			);
			fileSystemSynchronizedGroups = (
				89A3FC742D9563EB000C61A7 /* ScheduleLPNU */,
			);
			name = ScheduleLPNU;
			productName = ScheduleLPNU;
			productReference = 89A3FC722D9563EB000C61A7 /* ScheduleLPNU.app */;
			productType = "com.apple.product-type.application";
		};
		89A3FC872D9563ED000C61A7 /* ScheduleLPNUTests */ = {
			isa = PBXNativeTarget;
			buildConfigurationList = 89A3FCA02D9563ED000C61A7 /* Build configuration list for PBXNativeTarget "ScheduleLPNUTests" */;
			buildPhases = (
				89A3FC842D9563ED000C61A7 /* Sources */,
				89A3FC852D9563ED000C61A7 /* Frameworks */,
				89A3FC862D9563ED000C61A7 /* Resources */,
			);
			buildRules = (
			);
			dependencies = (
				89A3FC8A2D9563ED000C61A7 /* PBXTargetDependency */,
			);
			fileSystemSynchronizedGroups = (
				89A3FC8B2D9563ED000C61A7 /* ScheduleLPNUTests */,
			);
			name = ScheduleLPNUTests;
			productName = ScheduleLPNUTests;
			productReference = 89A3FC882D9563ED000C61A7 /* ScheduleLPNUTests.xctest */;
			productType = "com.apple.product-type.bundle.unit-test";
		};
		89A3FC912D9563ED000C61A7 /* ScheduleLPNUUITests */ = {
			isa = PBXNativeTarget;
			buildConfigurationList = 89A3FCA32D9563ED000C61A7 /* Build configuration list for PBXNativeTarget "ScheduleLPNUUITests" */;
			buildPhases = (
				89A3FC8E2D9563ED000C61A7 /* Sources */,
				89A3FC8F2D9563ED000C61A7 /* Frameworks */,
				89A3FC902D9563ED000C61A7 /* Resources */,
			);
			buildRules = (
			);
			dependencies = (
				89A3FC942D9563ED000C61A7 /* PBXTargetDependency */,
			);
			fileSystemSynchronizedGroups = (
				89A3FC952D9563ED000C61A7 /* ScheduleLPNUUITests */,
			);
			name = ScheduleLPNUUITests;
			productName = ScheduleLPNUUITests;
			productReference = 89A3FC922D9563ED000C61A7 /* ScheduleLPNUUITests.xctest */;
			productType = "com.apple.product-type.bundle.ui-testing";
		};
/* End PBXNativeTarget section */

/* Begin PBXProject section */
		89A3FC6A2D9563EB000C61A7 /* Project object */ = {
			isa = PBXProject;
			attributes = {
				BuildIndependentTargetsInParallel = 1;
				LastSwiftUpdateCheck = 1620;
				LastUpgradeCheck = 1620;
				TargetAttributes = {
					89A3FC712D9563EB000C61A7 = {
						CreatedOnToolsVersion = 16.2;
					};
					89A3FC872D9563ED000C61A7 = {
						CreatedOnToolsVersion = 16.2;
						TestTargetID = 89A3FC712D9563EB000C61A7;
					};
					89A3FC912D9563ED000C61A7 = {
						CreatedOnToolsVersion = 16.2;
						TestTargetID = 89A3FC712D9563EB000C61A7;
					};
				};
			};
			buildConfigurationList = 89A3FC6D2D9563EB000C61A7 /* Build configuration list for PBXProject "ScheduleLPNU" */;
			developmentRegion = en;
			hasScannedForEncodings = 0;
			knownRegions = (
				en,
				Base,
			);
			mainGroup = 89A3FC692D9563EB000C61A7;
			minimizedProjectReferenceProxies = 1;
			packageReferences = (
				89714A292DDB73CC00B29F8B /* XCRemoteSwiftPackageReference "SwiftSoup" */,
			);
			preferredProjectObjectVersion = 77;
			productRefGroup = 89A3FC732D9563EB000C61A7 /* Products */;
			projectDirPath = "";
			projectRoot = "";
			targets = (
				89A3FC712D9563EB000C61A7 /* ScheduleLPNU */,
				89A3FC872D9563ED000C61A7 /* ScheduleLPNUTests */,
				89A3FC912D9563ED000C61A7 /* ScheduleLPNUUITests */,
			);
		};
/* End PBXProject section */

/* Begin PBXResourcesBuildPhase section */
		89A3FC702D9563EB000C61A7 /* Resources */ = {
			isa = PBXResourcesBuildPhase;
			buildActionMask = 2147483647;
			files = (
			);
			runOnlyForDeploymentPostprocessing = 0;
		};
		89A3FC862D9563ED000C61A7 /* Resources */ = {
			isa = PBXResourcesBuildPhase;
			buildActionMask = 2147483647;
			files = (
			);
			runOnlyForDeploymentPostprocessing = 0;
		};
		89A3FC902D9563ED000C61A7 /* Resources */ = {
			isa = PBXResourcesBuildPhase;
			buildActionMask = 2147483647;
			files = (
			);
			runOnlyForDeploymentPostprocessing = 0;
		};
/* End PBXResourcesBuildPhase section */

/* Begin PBXShellScriptBuildPhase section */
		2801410A6CEB0DD1B16DE4DD /* [CP] Check Pods Manifest.lock */ = {
			isa = PBXShellScriptBuildPhase;
			buildActionMask = 2147483647;
			files = (
			);
			inputFileListPaths = (
			);
			inputPaths = (
				"${PODS_PODFILE_DIR_PATH}/Podfile.lock",
				"${PODS_ROOT}/Manifest.lock",
			);
			name = "[CP] Check Pods Manifest.lock";
			outputFileListPaths = (
			);
			outputPaths = (
				"$(DERIVED_FILE_DIR)/Pods-ScheduleLPNU-checkManifestLockResult.txt",
			);
			runOnlyForDeploymentPostprocessing = 0;
			shellPath = /bin/sh;
			shellScript = "diff \"${PODS_PODFILE_DIR_PATH}/Podfile.lock\" \"${PODS_ROOT}/Manifest.lock\" > /dev/null\nif [ $? != 0 ] ; then\n    # print error to STDERR\n    echo \"error: The sandbox is not in sync with the Podfile.lock. Run 'pod install' or update your CocoaPods installation.\" >&2\n    exit 1\nfi\n# This output is used by Xcode 'outputs' to avoid re-running this script phase.\necho \"SUCCESS\" > \"${SCRIPT_OUTPUT_FILE_0}\"\n";
			showEnvVarsInLog = 0;
		};
/* End PBXShellScriptBuildPhase section */

/* Begin PBXSourcesBuildPhase section */
		89A3FC6E2D9563EB000C61A7 /* Sources */ = {
			isa = PBXSourcesBuildPhase;
			buildActionMask = 2147483647;
			files = (
			);
			runOnlyForDeploymentPostprocessing = 0;
		};
		89A3FC842D9563ED000C61A7 /* Sources */ = {
			isa = PBXSourcesBuildPhase;
			buildActionMask = 2147483647;
			files = (
			);
			runOnlyForDeploymentPostprocessing = 0;
		};
		89A3FC8E2D9563ED000C61A7 /* Sources */ = {
			isa = PBXSourcesBuildPhase;
			buildActionMask = 2147483647;
			files = (
			);
			runOnlyForDeploymentPostprocessing = 0;
		};
/* End PBXSourcesBuildPhase section */

/* Begin PBXTargetDependency section */
		89A3FC8A2D9563ED000C61A7 /* PBXTargetDependency */ = {
			isa = PBXTargetDependency;
			target = 89A3FC712D9563EB000C61A7 /* ScheduleLPNU */;
			targetProxy = 89A3FC892D9563ED000C61A7 /* PBXContainerItemProxy */;
		};
		89A3FC942D9563ED000C61A7 /* PBXTargetDependency */ = {
			isa = PBXTargetDependency;
			target = 89A3FC712D9563EB000C61A7 /* ScheduleLPNU */;
			targetProxy = 89A3FC932D9563ED000C61A7 /* PBXContainerItemProxy */;
		};
/* End PBXTargetDependency section */

/* Begin XCBuildConfiguration section */
		89A3FC9C2D9563ED000C61A7 /* Debug */ = {
			isa = XCBuildConfiguration;
			baseConfigurationReference = 44EC5D52CACA759AA949A5B6 /* Pods-ScheduleLPNU.debug.xcconfig */;
			buildSettings = {
				ASSETCATALOG_COMPILER_APPICON_NAME = AppIcon;
				ASSETCATALOG_COMPILER_GLOBAL_ACCENT_COLOR_NAME = AccentColor;
				CODE_SIGN_STYLE = Automatic;
				CURRENT_PROJECT_VERSION = 1;
				DEVELOPMENT_TEAM = 2SN4T758G8;
				GENERATE_INFOPLIST_FILE = YES;
				INFOPLIST_FILE = ScheduleLPNU/Info.plist;
				INFOPLIST_KEY_LSApplicationCategoryType = "";
				INFOPLIST_KEY_NSCalendarsFullAccessUsageDescription = "ScheduleLPNU потребує повний доступ до календаря для синхронізації ваших завдань";
				INFOPLIST_KEY_NSCalendarsUsageDescription = "ScheduleLPNU потребує доступ до календаря";
				INFOPLIST_KEY_NSCalendarsWriteOnlyAccessUsageDescription = "ScheduleLPNU потребує доступ для додавання завдань в календар";
				INFOPLIST_KEY_NSRemindersUsageDescription = "ScheduleLPNU потребує доступ до нагадувань";
				INFOPLIST_KEY_UIApplicationSupportsIndirectInputEvents = YES;
				INFOPLIST_KEY_UILaunchStoryboardName = LaunchScreen;
				INFOPLIST_KEY_UIMainStoryboardFile = Main;
				INFOPLIST_KEY_UISupportedInterfaceOrientations_iPad = "UIInterfaceOrientationPortrait UIInterfaceOrientationPortraitUpsideDown UIInterfaceOrientationLandscapeLeft UIInterfaceOrientationLandscapeRight";
				INFOPLIST_KEY_UISupportedInterfaceOrientations_iPhone = "UIInterfaceOrientationPortrait UIInterfaceOrientationLandscapeLeft UIInterfaceOrientationLandscapeRight";
				IPHONEOS_DEPLOYMENT_TARGET = 15.6;
				LD_RUNPATH_SEARCH_PATHS = (
					"$(inherited)",
					"@executable_path/Frameworks",
				);
				MARKETING_VERSION = 1.0;
				PRODUCT_BUNDLE_IDENTIFIER = com.denysbr.ScheduleLPNU;
				PRODUCT_NAME = "$(TARGET_NAME)";
				SWIFT_EMIT_LOC_STRINGS = YES;
				SWIFT_VERSION = 5.0;
				TARGETED_DEVICE_FAMILY = "1,2";
			};
			name = Debug;
		};
		89A3FC9D2D9563ED000C61A7 /* Release */ = {
			isa = XCBuildConfiguration;
			baseConfigurationReference = B784884CBECA99F0CD7D151A /* Pods-ScheduleLPNU.release.xcconfig */;
			buildSettings = {
				ASSETCATALOG_COMPILER_APPICON_NAME = AppIcon;
				ASSETCATALOG_COMPILER_GLOBAL_ACCENT_COLOR_NAME = AccentColor;
				CODE_SIGN_STYLE = Automatic;
				CURRENT_PROJECT_VERSION = 1;
				DEVELOPMENT_TEAM = 2SN4T758G8;
				GENERATE_INFOPLIST_FILE = YES;
				INFOPLIST_FILE = ScheduleLPNU/Info.plist;
				INFOPLIST_KEY_LSApplicationCategoryType = "";
				INFOPLIST_KEY_NSCalendarsFullAccessUsageDescription = "ScheduleLPNU потребує повний доступ до календаря для синхронізації ваших завдань";
				INFOPLIST_KEY_NSCalendarsUsageDescription = "ScheduleLPNU потребує доступ до календаря";
				INFOPLIST_KEY_NSCalendarsWriteOnlyAccessUsageDescription = "ScheduleLPNU потребує доступ для додавання завдань в календар";
				INFOPLIST_KEY_NSRemindersUsageDescription = "ScheduleLPNU потребує доступ до нагадувань";
				INFOPLIST_KEY_UIApplicationSupportsIndirectInputEvents = YES;
				INFOPLIST_KEY_UILaunchStoryboardName = LaunchScreen;
				INFOPLIST_KEY_UIMainStoryboardFile = Main;
				INFOPLIST_KEY_UISupportedInterfaceOrientations_iPad = "UIInterfaceOrientationPortrait UIInterfaceOrientationPortraitUpsideDown UIInterfaceOrientationLandscapeLeft UIInterfaceOrientationLandscapeRight";
				INFOPLIST_KEY_UISupportedInterfaceOrientations_iPhone = "UIInterfaceOrientationPortrait UIInterfaceOrientationLandscapeLeft UIInterfaceOrientationLandscapeRight";
				IPHONEOS_DEPLOYMENT_TARGET = 15.6;
				LD_RUNPATH_SEARCH_PATHS = (
					"$(inherited)",
					"@executable_path/Frameworks",
				);
				MARKETING_VERSION = 1.0;
				PRODUCT_BUNDLE_IDENTIFIER = com.denysbr.ScheduleLPNU;
				PRODUCT_NAME = "$(TARGET_NAME)";
				SWIFT_EMIT_LOC_STRINGS = YES;
				SWIFT_VERSION = 5.0;
				TARGETED_DEVICE_FAMILY = "1,2";
			};
			name = Release;
		};
		89A3FC9E2D9563ED000C61A7 /* Debug */ = {
			isa = XCBuildConfiguration;
			buildSettings = {
				ALWAYS_SEARCH_USER_PATHS = NO;
				ASSETCATALOG_COMPILER_GENERATE_SWIFT_ASSET_SYMBOL_EXTENSIONS = YES;
				CLANG_ANALYZER_NONNULL = YES;
				CLANG_ANALYZER_NUMBER_OBJECT_CONVERSION = YES_AGGRESSIVE;
				CLANG_CXX_LANGUAGE_STANDARD = "gnu++20";
				CLANG_ENABLE_MODULES = YES;
				CLANG_ENABLE_OBJC_ARC = YES;
				CLANG_ENABLE_OBJC_WEAK = YES;
				CLANG_WARN_BLOCK_CAPTURE_AUTORELEASING = YES;
				CLANG_WARN_BOOL_CONVERSION = YES;
				CLANG_WARN_COMMA = YES;
				CLANG_WARN_CONSTANT_CONVERSION = YES;
				CLANG_WARN_DEPRECATED_OBJC_IMPLEMENTATIONS = YES;
				CLANG_WARN_DIRECT_OBJC_ISA_USAGE = YES_ERROR;
				CLANG_WARN_DOCUMENTATION_COMMENTS = YES;
				CLANG_WARN_EMPTY_BODY = YES;
				CLANG_WARN_ENUM_CONVERSION = YES;
				CLANG_WARN_INFINITE_RECURSION = YES;
				CLANG_WARN_INT_CONVERSION = YES;
				CLANG_WARN_NON_LITERAL_NULL_CONVERSION = YES;
				CLANG_WARN_OBJC_IMPLICIT_RETAIN_SELF = YES;
				CLANG_WARN_OBJC_LITERAL_CONVERSION = YES;
				CLANG_WARN_OBJC_ROOT_CLASS = YES_ERROR;
				CLANG_WARN_QUOTED_INCLUDE_IN_FRAMEWORK_HEADER = YES;
				CLANG_WARN_RANGE_LOOP_ANALYSIS = YES;
				CLANG_WARN_STRICT_PROTOTYPES = YES;
				CLANG_WARN_SUSPICIOUS_MOVE = YES;
				CLANG_WARN_UNGUARDED_AVAILABILITY = YES_AGGRESSIVE;
				CLANG_WARN_UNREACHABLE_CODE = YES;
				CLANG_WARN__DUPLICATE_METHOD_MATCH = YES;
				COPY_PHASE_STRIP = NO;
				DEBUG_INFORMATION_FORMAT = dwarf;
				ENABLE_STRICT_OBJC_MSGSEND = YES;
				ENABLE_TESTABILITY = YES;
				ENABLE_USER_SCRIPT_SANDBOXING = YES;
				GCC_C_LANGUAGE_STANDARD = gnu17;
				GCC_DYNAMIC_NO_PIC = NO;
				GCC_NO_COMMON_BLOCKS = YES;
				GCC_OPTIMIZATION_LEVEL = 0;
				GCC_PREPROCESSOR_DEFINITIONS = (
					"DEBUG=1",
					"$(inherited)",
				);
				GCC_WARN_64_TO_32_BIT_CONVERSION = YES;
				GCC_WARN_ABOUT_RETURN_TYPE = YES_ERROR;
				GCC_WARN_UNDECLARED_SELECTOR = YES;
				GCC_WARN_UNINITIALIZED_AUTOS = YES_AGGRESSIVE;
				GCC_WARN_UNUSED_FUNCTION = YES;
				GCC_WARN_UNUSED_VARIABLE = YES;
				IPHONEOS_DEPLOYMENT_TARGET = 18.2;
				LOCALIZATION_PREFERS_STRING_CATALOGS = YES;
				MTL_ENABLE_DEBUG_INFO = INCLUDE_SOURCE;
				MTL_FAST_MATH = YES;
				ONLY_ACTIVE_ARCH = YES;
				SDKROOT = iphoneos;
				SWIFT_ACTIVE_COMPILATION_CONDITIONS = "DEBUG $(inherited)";
				SWIFT_OPTIMIZATION_LEVEL = "-Onone";
			};
			name = Debug;
		};
		89A3FC9F2D9563ED000C61A7 /* Release */ = {
			isa = XCBuildConfiguration;
			buildSettings = {
				ALWAYS_SEARCH_USER_PATHS = NO;
				ASSETCATALOG_COMPILER_GENERATE_SWIFT_ASSET_SYMBOL_EXTENSIONS = YES;
				CLANG_ANALYZER_NONNULL = YES;
				CLANG_ANALYZER_NUMBER_OBJECT_CONVERSION = YES_AGGRESSIVE;
				CLANG_CXX_LANGUAGE_STANDARD = "gnu++20";
				CLANG_ENABLE_MODULES = YES;
				CLANG_ENABLE_OBJC_ARC = YES;
				CLANG_ENABLE_OBJC_WEAK = YES;
				CLANG_WARN_BLOCK_CAPTURE_AUTORELEASING = YES;
				CLANG_WARN_BOOL_CONVERSION = YES;
				CLANG_WARN_COMMA = YES;
				CLANG_WARN_CONSTANT_CONVERSION = YES;
				CLANG_WARN_DEPRECATED_OBJC_IMPLEMENTATIONS = YES;
				CLANG_WARN_DIRECT_OBJC_ISA_USAGE = YES_ERROR;
				CLANG_WARN_DOCUMENTATION_COMMENTS = YES;
				CLANG_WARN_EMPTY_BODY = YES;
				CLANG_WARN_ENUM_CONVERSION = YES;
				CLANG_WARN_INFINITE_RECURSION = YES;
				CLANG_WARN_INT_CONVERSION = YES;
				CLANG_WARN_NON_LITERAL_NULL_CONVERSION = YES;
				CLANG_WARN_OBJC_IMPLICIT_RETAIN_SELF = YES;
				CLANG_WARN_OBJC_LITERAL_CONVERSION = YES;
				CLANG_WARN_OBJC_ROOT_CLASS = YES_ERROR;
				CLANG_WARN_QUOTED_INCLUDE_IN_FRAMEWORK_HEADER = YES;
				CLANG_WARN_RANGE_LOOP_ANALYSIS = YES;
				CLANG_WARN_STRICT_PROTOTYPES = YES;
				CLANG_WARN_SUSPICIOUS_MOVE = YES;
				CLANG_WARN_UNGUARDED_AVAILABILITY = YES_AGGRESSIVE;
				CLANG_WARN_UNREACHABLE_CODE = YES;
				CLANG_WARN__DUPLICATE_METHOD_MATCH = YES;
				COPY_PHASE_STRIP = NO;
				DEBUG_INFORMATION_FORMAT = "dwarf-with-dsym";
				ENABLE_NS_ASSERTIONS = NO;
				ENABLE_STRICT_OBJC_MSGSEND = YES;
				ENABLE_USER_SCRIPT_SANDBOXING = YES;
				GCC_C_LANGUAGE_STANDARD = gnu17;
				GCC_NO_COMMON_BLOCKS = YES;
				GCC_WARN_64_TO_32_BIT_CONVERSION = YES;
				GCC_WARN_ABOUT_RETURN_TYPE = YES_ERROR;
				GCC_WARN_UNDECLARED_SELECTOR = YES;
				GCC_WARN_UNINITIALIZED_AUTOS = YES_AGGRESSIVE;
				GCC_WARN_UNUSED_FUNCTION = YES;
				GCC_WARN_UNUSED_VARIABLE = YES;
				IPHONEOS_DEPLOYMENT_TARGET = 18.2;
				LOCALIZATION_PREFERS_STRING_CATALOGS = YES;
				MTL_ENABLE_DEBUG_INFO = NO;
				MTL_FAST_MATH = YES;
				SDKROOT = iphoneos;
				SWIFT_COMPILATION_MODE = wholemodule;
				VALIDATE_PRODUCT = YES;
			};
			name = Release;
		};
		89A3FCA12D9563ED000C61A7 /* Debug */ = {
			isa = XCBuildConfiguration;
			buildSettings = {
				BUNDLE_LOADER = "$(TEST_HOST)";
				CODE_SIGN_STYLE = Automatic;
				CURRENT_PROJECT_VERSION = 1;
				GENERATE_INFOPLIST_FILE = YES;
				IPHONEOS_DEPLOYMENT_TARGET = 17.6;
				MARKETING_VERSION = 1.0;
				PRODUCT_BUNDLE_IDENTIFIER = com.denysbr.ScheduleLPNUTests;
				PRODUCT_NAME = "$(TARGET_NAME)";
				SWIFT_EMIT_LOC_STRINGS = NO;
				SWIFT_VERSION = 5.0;
				TARGETED_DEVICE_FAMILY = "1,2";
				TEST_HOST = "$(BUILT_PRODUCTS_DIR)/ScheduleLPNU.app/$(BUNDLE_EXECUTABLE_FOLDER_PATH)/ScheduleLPNU";
			};
			name = Debug;
		};
		89A3FCA22D9563ED000C61A7 /* Release */ = {
			isa = XCBuildConfiguration;
			buildSettings = {
				BUNDLE_LOADER = "$(TEST_HOST)";
				CODE_SIGN_STYLE = Automatic;
				CURRENT_PROJECT_VERSION = 1;
				GENERATE_INFOPLIST_FILE = YES;
				IPHONEOS_DEPLOYMENT_TARGET = 17.6;
				MARKETING_VERSION = 1.0;
				PRODUCT_BUNDLE_IDENTIFIER = com.denysbr.ScheduleLPNUTests;
				PRODUCT_NAME = "$(TARGET_NAME)";
				SWIFT_EMIT_LOC_STRINGS = NO;
				SWIFT_VERSION = 5.0;
				TARGETED_DEVICE_FAMILY = "1,2";
				TEST_HOST = "$(BUILT_PRODUCTS_DIR)/ScheduleLPNU.app/$(BUNDLE_EXECUTABLE_FOLDER_PATH)/ScheduleLPNU";
			};
			name = Release;
		};
		89A3FCA42D9563ED000C61A7 /* Debug */ = {
			isa = XCBuildConfiguration;
			buildSettings = {
				CODE_SIGN_STYLE = Automatic;
				CURRENT_PROJECT_VERSION = 1;
				GENERATE_INFOPLIST_FILE = YES;
				IPHONEOS_DEPLOYMENT_TARGET = 15.6;
				MARKETING_VERSION = 1.0;
				PRODUCT_BUNDLE_IDENTIFIER = com.denysbr.ScheduleLPNUUITests;
				PRODUCT_NAME = "$(TARGET_NAME)";
				SWIFT_EMIT_LOC_STRINGS = NO;
				SWIFT_VERSION = 5.0;
				TARGETED_DEVICE_FAMILY = "1,2";
				TEST_TARGET_NAME = ScheduleLPNU;
			};
			name = Debug;
		};
		89A3FCA52D9563ED000C61A7 /* Release */ = {
			isa = XCBuildConfiguration;
			buildSettings = {
				CODE_SIGN_STYLE = Automatic;
				CURRENT_PROJECT_VERSION = 1;
				GENERATE_INFOPLIST_FILE = YES;
				IPHONEOS_DEPLOYMENT_TARGET = 15.6;
				MARKETING_VERSION = 1.0;
				PRODUCT_BUNDLE_IDENTIFIER = com.denysbr.ScheduleLPNUUITests;
				PRODUCT_NAME = "$(TARGET_NAME)";
				SWIFT_EMIT_LOC_STRINGS = NO;
				SWIFT_VERSION = 5.0;
				TARGETED_DEVICE_FAMILY = "1,2";
				TEST_TARGET_NAME = ScheduleLPNU;
			};
			name = Release;
		};
/* End XCBuildConfiguration section */

/* Begin XCConfigurationList section */
		89A3FC6D2D9563EB000C61A7 /* Build configuration list for PBXProject "ScheduleLPNU" */ = {
			isa = XCConfigurationList;
			buildConfigurations = (
				89A3FC9E2D9563ED000C61A7 /* Debug */,
				89A3FC9F2D9563ED000C61A7 /* Release */,
			);
			defaultConfigurationIsVisible = 0;
			defaultConfigurationName = Release;
		};
		89A3FC9B2D9563ED000C61A7 /* Build configuration list for PBXNativeTarget "ScheduleLPNU" */ = {
			isa = XCConfigurationList;
			buildConfigurations = (
				89A3FC9C2D9563ED000C61A7 /* Debug */,
				89A3FC9D2D9563ED000C61A7 /* Release */,
			);
			defaultConfigurationIsVisible = 0;
			defaultConfigurationName = Release;
		};
		89A3FCA02D9563ED000C61A7 /* Build configuration list for PBXNativeTarget "ScheduleLPNUTests" */ = {
			isa = XCConfigurationList;
			buildConfigurations = (
				89A3FCA12D9563ED000C61A7 /* Debug */,
				89A3FCA22D9563ED000C61A7 /* Release */,
			);
			defaultConfigurationIsVisible = 0;
			defaultConfigurationName = Release;
		};
		89A3FCA32D9563ED000C61A7 /* Build configuration list for PBXNativeTarget "ScheduleLPNUUITests" */ = {
			isa = XCConfigurationList;
			buildConfigurations = (
				89A3FCA42D9563ED000C61A7 /* Debug */,
				89A3FCA52D9563ED000C61A7 /* Release */,
			);
			defaultConfigurationIsVisible = 0;
			defaultConfigurationName = Release;
		};
/* End XCConfigurationList section */

/* Begin XCRemoteSwiftPackageReference section */
		89714A292DDB73CC00B29F8B /* XCRemoteSwiftPackageReference "SwiftSoup" */ = {
			isa = XCRemoteSwiftPackageReference;
			repositoryURL = "https://github.com/scinfu/SwiftSoup.git";
			requirement = {
				kind = upToNextMajorVersion;
				minimumVersion = 2.8.7;
			};
		};
/* End XCRemoteSwiftPackageReference section */

/* Begin XCSwiftPackageProductDependency section */
		894467BF2E67853000E5F3A8 /* SwiftSoup */ = {
			isa = XCSwiftPackageProductDependency;
			package = 89714A292DDB73CC00B29F8B /* XCRemoteSwiftPackageReference "SwiftSoup" */;
			productName = SwiftSoup;
		};
/* End XCSwiftPackageProductDependency section */
	};
	rootObject = 89A3FC6A2D9563EB000C61A7 /* Project object */;
}
